{
  "version": 4,
  "terraform_version": "1.0.3",
  "serial": 778,
  "lineage": "8032d4b0-a360-8f0c-5563-3778a78638e8",
  "outputs": {},
  "resources": [
    {
      "mode": "managed",
      "type": "aws_iam_policy",
      "name": "user1_policy",
      "provider": "provider[\"registry.terraform.io/hashicorp/aws\"]",
      "instances": [
        {
          "schema_version": 0,
          "attributes": {
            "arn": "arn:aws:iam::454569973418:policy/user_1_policy",
            "description": "A test policy",
            "id": "arn:aws:iam::454569973418:policy/user_1_policy",
            "name": "user_1_policy",
            "name_prefix": null,
            "path": "/",
            "policy": "{\r\n  \"Version\": \"2012-10-17\",\r\n  \"Statement\": [\r\n    {\r\n      \"Action\": [\r\n        \"s3:AbortMultipartUpload\",\r\n        \"s3:Get*\",\r\n        \"s3:List*\",\r\n        \"s3:Delete*\",\r\n        \"s3:PutObject\"\r\n      ],\r\n      \"Effect\": \"Allow\",\r\n      \"Resource\": \"*\"\r\n    }\r\n  ]\r\n}\r\n",
            "policy_id": "ANPAWTVT3K2VCQBWYRQJV",
            "tags": null,
            "tags_all": {}
          },
          "sensitive_attributes": [],
          "private": "bnVsbA=="
        }
      ]
    },
    {
      "mode": "managed",
      "type": "aws_iam_policy",
      "name": "user2_policy",
      "provider": "provider[\"registry.terraform.io/hashicorp/aws\"]",
      "instances": [
        {
          "schema_version": 0,
          "attributes": {
            "arn": "arn:aws:iam::454569973418:policy/user_2_policy",
            "description": "A test policy",
            "id": "arn:aws:iam::454569973418:policy/user_2_policy",
            "name": "user_2_policy",
            "name_prefix": null,
            "path": "/",
            "policy": "{\r\n  \"Version\": \"2012-10-17\",\r\n  \"Statement\": [\r\n    {\r\n      \"Action\": [\r\n        \"s3:Get*\",\r\n        \"s3:List*\"\r\n      ],\r\n      \"Effect\": \"Allow\",\r\n      \"Resource\": \"*\"\r\n    }\r\n  ]\r\n}\r\n",
            "policy_id": "ANPAWTVT3K2VBWRXXY2DX",
            "tags": null,
            "tags_all": {}
          },
          "sensitive_attributes": [],
          "private": "bnVsbA=="
        }
      ]
    },
    {
      "mode": "managed",
      "type": "aws_iam_user_policy_attachment",
      "name": "s3_bucket_for_iam_attach_user1",
      "provider": "provider[\"registry.terraform.io/hashicorp/aws\"]",
      "instances": [
        {
          "schema_version": 0,
          "attributes": {
            "id": "IAM_user1-20210808111240641800000001",
            "policy_arn": "arn:aws:iam::454569973418:policy/user_1_policy",
            "user": "IAM_user1"
          },
          "sensitive_attributes": [],
          "private": "bnVsbA==",
          "dependencies": [
            "aws_iam_policy.user1_policy"
          ]
        }
      ]
    },
    {
      "mode": "managed",
      "type": "aws_iam_user_policy_attachment",
      "name": "s3_bucket_for_iam_attach_user2",
      "provider": "provider[\"registry.terraform.io/hashicorp/aws\"]",
      "instances": [
        {
          "schema_version": 0,
          "attributes": {
            "id": "IAM_user2-20210808111240850500000002",
            "policy_arn": "arn:aws:iam::454569973418:policy/user_2_policy",
            "user": "IAM_user2"
          },
          "sensitive_attributes": [],
          "private": "bnVsbA==",
          "dependencies": [
            "aws_iam_policy.user2_policy"
          ]
        }
      ]
    },
    {
      "module": "module.iam_user[0]",
      "mode": "managed",
      "type": "aws_iam_access_key",
      "name": "this",
      "provider": "provider[\"registry.terraform.io/hashicorp/aws\"]",
      "instances": [
        {
          "index_key": 0,
          "schema_version": 0,
          "attributes": {
            "create_date": "2021-08-08T11:12:39Z",
            "encrypted_secret": "wcBMAyIPbuyE1GplAQgANjQsZ7kI+dSJ/FdEEWDCURP6cDqUQ/0sr/OW3rFvfUobUZN3HTyhryltJFAjCBEgzdkse9yjHSnSxKxYD90dHTXCMdZAyIHoTJ4MNxxnVvcdxqzcqmE7RgyNGcNEDLxNrXdSPMGAD/7r1iPAuAbEdjX1OGW1Xa0QqLuuX6CnmIoFbAGmU0Pu1Y+f/Nvo+cUmHpqAL0z/gk1eLKEjcA8kCbCrskMrJIMZaXpYlwVclvVmItFkQN5Fk8lW9rriJFN/Uks8wBHbzAQPonPXXmHZxB67ZgXsgSx7olXwgFFenetEseS7prvtW9Gr1Z2aOeS1VLh6muBtswa0wxfh/H/JkNLgAeTRFmXGI0wrZVHxebD0ykXw4dMI4H3g0OH8d+Dx4lAusXzgheWFNiScCbnzxnx3K/uKI6wiy6pgIfXJRVav6co50qeKleB246yW/wiq9z3o4Ovk9xgdCqalSUBErcd6bsIXCeLnY0qO4QyBAA==",
            "encrypted_ses_smtp_password_v4": "wcBMAyIPbuyE1GplAQgATkQuPofwGN68gXUIDyciWxPvGoC2Ke/2YiVUZ+g/8H+kOXHIxdVNKjmdLOsl2XFj+jkzmJEVTF+/QLaC5RPcw7DavGJuitFV6/mY0L7u9pjSgzAAsaz0HYUoBni/Fh5GnCJQPEvwAna5N8Vfkof7hMMWYLlfm3Kl+JXMt7A8eFxYEujWX0/RGD7zRr3rgYKcSP8viL+roi0vJefO2i9xFejpK0Bz2HssBsXHdrBD37koqdXMTdwkz1lWB5gCikLNGc0lxfzvaFcDTeJN9t4ByaTjTFjCRZIiPPaKUNHOPU8WyHh5wHGJ3XWpdp79+BIYv1Rfeeuj8xxR7T4IpBVQatLgAeRM/SVcDLmGW2ffPMfzOW624Wep4KDgZ+Fl8uA/4nGgVNrgB+WXuPLVrQdsvKKQ6nsnLtFJDfjRnVmdhOACgHdpye41a+B846KJFE26JKFy4FDiJ7KucuCx5P6Ihm47kILeD+fQzeC1VabiEZkZseGIqgA=",
            "id": "AKIAWTVT3K2VM6BBAKM4",
            "key_fingerprint": "d5539ff96c8e40fff9ee6e9445141df80da48748",
            "pgp_key": "keybase:test",
            "secret": null,
            "ses_smtp_password_v4": null,
            "status": "Active",
            "user": "IAM_user1"
          },
          "sensitive_attributes": [],
          "private": "bnVsbA==",
          "dependencies": [
            "module.iam_user.aws_iam_user.this"
          ]
        }
      ]
    },
    {
      "module": "module.iam_user[0]",
      "mode": "managed",
      "type": "aws_iam_user",
      "name": "this",
      "provider": "provider[\"registry.terraform.io/hashicorp/aws\"]",
      "instances": [
        {
          "index_key": 0,
          "schema_version": 0,
          "attributes": {
            "arn": "arn:aws:iam::454569973418:user/IAM_user1",
            "force_destroy": true,
            "id": "IAM_user1",
            "name": "IAM_user1",
            "path": "/",
            "permissions_boundary": "",
            "tags": null,
            "tags_all": {},
            "unique_id": "AIDAWTVT3K2VNXHFACXGP"
          },
          "sensitive_attributes": [],
          "private": "bnVsbA=="
        }
      ]
    },
    {
      "module": "module.iam_user[0]",
      "mode": "managed",
      "type": "aws_iam_user_login_profile",
      "name": "this",
      "provider": "provider[\"registry.terraform.io/hashicorp/aws\"]",
      "instances": [
        {
          "index_key": 0,
          "schema_version": 0,
          "attributes": {
            "encrypted_password": "wcBMAyIPbuyE1GplAQgAFjKhFok/NQKR50fOF6/TjKOYapMZ9DCNza0vMfd0rTNof62UQ0pWXKLrEACmuOnyzc4lbiQ5Au3vY1z+HHbBZ96XK3ite5tOwnWuNzirvUSA7rHaoWIuTcBmqxwl08+kblZKvWwSJVDxeHlSUaXNIJxZoQF7OSrb8cOdKhakCq5t83NVqnFV7slarreFCJIHKVkw4NQNHTRvagh+1J9tIrgOq/LhbhvkbBMHpelUu45o1zlUhIF4eCIkcbPnV/QVLyRoQMey2V/1o5u1X4KnAQNl5fhR0W5Ei1pbXBKcKr9W6PMhpg140zRnwX41gDqfLikVnqY6aotfBgGO4yskctLgAeT4U2qugNkSqdECvgm2elxP4YbI4NDgIOFvoeD84oqHsvPgo+T43qspVYs0YfkulVh16IWi4Mji7XPj3OBG5HpygsJNxUEdYxJwUeyMD9riAh36I+Hc8gA=",
            "id": "IAM_user1",
            "key_fingerprint": "d5539ff96c8e40fff9ee6e9445141df80da48748",
            "password_length": 20,
            "password_reset_required": false,
            "pgp_key": "keybase:test",
            "user": "IAM_user1"
          },
          "sensitive_attributes": [],
          "private": "bnVsbA==",
          "dependencies": [
            "module.iam_user.aws_iam_user.this"
          ]
        }
      ]
    },
    {
      "module": "module.iam_user[1]",
      "mode": "managed",
      "type": "aws_iam_access_key",
      "name": "this",
      "provider": "provider[\"registry.terraform.io/hashicorp/aws\"]",
      "instances": [
        {
          "index_key": 0,
          "schema_version": 0,
          "attributes": {
            "create_date": "2021-08-08T11:12:39Z",
            "encrypted_secret": "wcBMAyIPbuyE1GplAQgAcNH2SfrAiNeUWo9EZ2UXGintdJQn8xSmRQBCxoTQ8ivhLVicS8RKrx2G0RQ0J94n3fFMBVwJm5C0qylIobaFh4P6qkeXc07eIJQTqIgU4PG+Q1cSb+caNnEO65O3hvDzT1BD9UX8wVQ5AYq6q+ZZG57pIBCDEYFj3wKmUKpOjkwIK9Ce8KgHF92K+63XMY0T1POCYkiVB1Uo63ubH+WpbimGYpSDr8yUVWtkGX59jyYf4vlp0hlN4l/FA/ddYK8m7Fn9Py/rFaWfS684UVcN+x09BF5LcE4VTwdM+4O50zeosJFzgiWr+rotoR/8xc3hSDWRNFZlOjIRaqHlB/LiEdLgAeSHnU0CMYcil33iFXkW+5u/4e4y4E/gmuF8t+Ds4nxE0cbg8+V8tpgyxUkG+rW1YgEn9eV2+Ae9+zy71kzjwkKO5wdbceDd47D3JNzSEBfZ4Pvk1cqDbn7LrYrjMiebzhH/h+KYSr514aMtAA==",
            "encrypted_ses_smtp_password_v4": "wcBMAyIPbuyE1GplAQgAPWRR+S+iSK4tVUMpBdPgB815h6oqoQHPjOng1unjluZIBdEgLFpuwd5vbFcNdZQw2dtXqBYzUYtZfi4SH3OLhkUwDe00Cs+zickQme2Rf8SPlXm3sJA4227iPleclWnFPm60SF+UPh9OgsQJ+68nzQPzVNpkSLSJWcfSmMsj0wHVTLaAwy6h2E02sHdgBs9t/oEsUiuXGVlOK57Qlvx2Idzjh8aGNU2Gt2XuOBPduzCuLIDC1OZfgqGI9zxgIMWpC4avGzDLu0jpOVPgBhzT1FfRGKG8MIR3oGS9rUmfWk/1WsdEYaRwFGJLMBg8or2EpH+ChDLyJCbFfeeKWLx9atLgAeRcjrmHYXH+yEYr2KWdfbTP4cUg4ALgK+F45OAu4ngXwrbgrOWG37Kyz5TwFVyqZ37LhM2h6YXvvQ/dLzvjaaM85GSAZeC44wv6pJvIr89d4A/iCvkK+eCE5D8dgNexbyrdwT42AR8/9friumW+R+GRBQA=",
            "id": "AKIAWTVT3K2VI3KBVIEL",
            "key_fingerprint": "d5539ff96c8e40fff9ee6e9445141df80da48748",
            "pgp_key": "keybase:test",
            "secret": null,
            "ses_smtp_password_v4": null,
            "status": "Active",
            "user": "IAM_user2"
          },
          "sensitive_attributes": [],
          "private": "bnVsbA==",
          "dependencies": [
            "module.iam_user.aws_iam_user.this"
          ]
        }
      ]
    },
    {
      "module": "module.iam_user[1]",
      "mode": "managed",
      "type": "aws_iam_user",
      "name": "this",
      "provider": "provider[\"registry.terraform.io/hashicorp/aws\"]",
      "instances": [
        {
          "index_key": 0,
          "schema_version": 0,
          "attributes": {
            "arn": "arn:aws:iam::454569973418:user/IAM_user2",
            "force_destroy": true,
            "id": "IAM_user2",
            "name": "IAM_user2",
            "path": "/",
            "permissions_boundary": "",
            "tags": null,
            "tags_all": {},
            "unique_id": "AIDAWTVT3K2VHTWEPNUAA"
          },
          "sensitive_attributes": [],
          "private": "bnVsbA=="
        }
      ]
    },
    {
      "module": "module.iam_user[1]",
      "mode": "managed",
      "type": "aws_iam_user_login_profile",
      "name": "this",
      "provider": "provider[\"registry.terraform.io/hashicorp/aws\"]",
      "instances": [
        {
          "index_key": 0,
          "schema_version": 0,
          "attributes": {
            "encrypted_password": "wcBMAyIPbuyE1GplAQgAZn9oQtwvhibwM4qB9INBXJ3yB6CWCaT3kRW/JZxGDRVudShjMTPYHp6QRwHNm3w+xGLcOk455pseKdUQjrrmL3yzV1lHxDZYNaunjGlNGSl07xoWxUmQEpdKAj0ybXLo9urkhJnXyAv4Ctdd53B1o88B9eNYYkLlO1jvAw/fA+18pCc5B1S6mZdW/8mJw+z6yQTepqn76gvhOukP0P20H114eAwwb6QrLsVyRzlXwGUuSmo/EhiVu82zspB8mjOG9kSowAQNl6zntDFYBIMO7IZxFYO7AQSAHZkBCIwEiuUv1hlqhE/DMKN3Ovxq2ffKypWsgkrvnL6G2vOCM+LA3NLgAeQpU7OQ72hHJsDxpVTJxrMR4UAD4F7gjuGHqeD74hu4cjfgROQd5fM4koiJcyNmJy1iNoaU4B7iZuBJjOAa5IIABV9Zt/aydW17GdVcTV7iJADEcOGalQA=",
            "id": "IAM_user2",
            "key_fingerprint": "d5539ff96c8e40fff9ee6e9445141df80da48748",
            "password_length": 20,
            "password_reset_required": false,
            "pgp_key": "keybase:test",
            "user": "IAM_user2"
          },
          "sensitive_attributes": [],
          "private": "bnVsbA==",
          "dependencies": [
            "module.iam_user.aws_iam_user.this"
          ]
        }
      ]
    },
    {
      "module": "module.s3_bucket[0]",
      "mode": "managed",
      "type": "aws_s3_bucket",
      "name": "this",
      "provider": "provider[\"registry.terraform.io/hashicorp/aws\"]",
      "instances": [
        {
          "index_key": 0,
          "schema_version": 0,
          "attributes": {
            "acceleration_status": "",
            "acl": "private",
            "arn": "arn:aws:s3:::my-s3-bucket-terraform-devops-1",
            "bucket": "my-s3-bucket-terraform-devops-1",
            "bucket_domain_name": "my-s3-bucket-terraform-devops-1.s3.amazonaws.com",
            "bucket_prefix": null,
            "bucket_regional_domain_name": "my-s3-bucket-terraform-devops-1.s3.ap-south-1.amazonaws.com",
            "cors_rule": [],
            "force_destroy": false,
            "grant": [],
            "hosted_zone_id": "Z11RGJOFQNVJUP",
            "id": "my-s3-bucket-terraform-devops-1",
            "lifecycle_rule": [],
            "logging": [],
            "object_lock_configuration": [],
            "policy": null,
            "region": "ap-south-1",
            "replication_configuration": [],
            "request_payer": "BucketOwner",
            "server_side_encryption_configuration": [],
            "tags": null,
            "tags_all": {},
            "versioning": [
              {
                "enabled": true,
                "mfa_delete": false
              }
            ],
            "website": [],
            "website_domain": null,
            "website_endpoint": null
          },
          "sensitive_attributes": [],
          "private": "bnVsbA=="
        }
      ]
    },
    {
      "module": "module.s3_bucket[0]",
      "mode": "managed",
      "type": "aws_s3_bucket_public_access_block",
      "name": "this",
      "provider": "provider[\"registry.terraform.io/hashicorp/aws\"]",
      "instances": [
        {
          "index_key": 0,
          "schema_version": 0,
          "attributes": {
            "block_public_acls": false,
            "block_public_policy": false,
            "bucket": "my-s3-bucket-terraform-devops-1",
            "id": "my-s3-bucket-terraform-devops-1",
            "ignore_public_acls": false,
            "restrict_public_buckets": false
          },
          "sensitive_attributes": [],
          "private": "bnVsbA==",
          "dependencies": [
            "module.s3_bucket.aws_s3_bucket.this",
            "module.s3_bucket.aws_s3_bucket_policy.this"
          ]
        }
      ]
    },
    {
      "module": "module.s3_bucket[1]",
      "mode": "managed",
      "type": "aws_s3_bucket",
      "name": "this",
      "provider": "provider[\"registry.terraform.io/hashicorp/aws\"]",
      "instances": [
        {
          "index_key": 0,
          "schema_version": 0,
          "attributes": {
            "acceleration_status": "",
            "acl": "private",
            "arn": "arn:aws:s3:::my-s3-bucket-terraform-devops-2",
            "bucket": "my-s3-bucket-terraform-devops-2",
            "bucket_domain_name": "my-s3-bucket-terraform-devops-2.s3.amazonaws.com",
            "bucket_prefix": null,
            "bucket_regional_domain_name": "my-s3-bucket-terraform-devops-2.s3.ap-south-1.amazonaws.com",
            "cors_rule": [],
            "force_destroy": false,
            "grant": [],
            "hosted_zone_id": "Z11RGJOFQNVJUP",
            "id": "my-s3-bucket-terraform-devops-2",
            "lifecycle_rule": [],
            "logging": [],
            "object_lock_configuration": [],
            "policy": null,
            "region": "ap-south-1",
            "replication_configuration": [],
            "request_payer": "BucketOwner",
            "server_side_encryption_configuration": [],
            "tags": null,
            "tags_all": {},
            "versioning": [
              {
                "enabled": true,
                "mfa_delete": false
              }
            ],
            "website": [],
            "website_domain": null,
            "website_endpoint": null
          },
          "sensitive_attributes": [],
          "private": "bnVsbA=="
        }
      ]
    },
    {
      "module": "module.s3_bucket[1]",
      "mode": "managed",
      "type": "aws_s3_bucket_public_access_block",
      "name": "this",
      "provider": "provider[\"registry.terraform.io/hashicorp/aws\"]",
      "instances": [
        {
          "index_key": 0,
          "schema_version": 0,
          "attributes": {
            "block_public_acls": false,
            "block_public_policy": false,
            "bucket": "my-s3-bucket-terraform-devops-2",
            "id": "my-s3-bucket-terraform-devops-2",
            "ignore_public_acls": false,
            "restrict_public_buckets": false
          },
          "sensitive_attributes": [],
          "private": "bnVsbA==",
          "dependencies": [
            "module.s3_bucket.aws_s3_bucket.this",
            "module.s3_bucket.aws_s3_bucket_policy.this"
          ]
        }
      ]
    },
    {
      "module": "module.s3_bucket[2]",
      "mode": "managed",
      "type": "aws_s3_bucket",
      "name": "this",
      "provider": "provider[\"registry.terraform.io/hashicorp/aws\"]",
      "instances": [
        {
          "index_key": 0,
          "schema_version": 0,
          "attributes": {
            "acceleration_status": "",
            "acl": "private",
            "arn": "arn:aws:s3:::my-s3-bucket-terraform-devops-3",
            "bucket": "my-s3-bucket-terraform-devops-3",
            "bucket_domain_name": "my-s3-bucket-terraform-devops-3.s3.amazonaws.com",
            "bucket_prefix": null,
            "bucket_regional_domain_name": "my-s3-bucket-terraform-devops-3.s3.ap-south-1.amazonaws.com",
            "cors_rule": [],
            "force_destroy": false,
            "grant": [],
            "hosted_zone_id": "Z11RGJOFQNVJUP",
            "id": "my-s3-bucket-terraform-devops-3",
            "lifecycle_rule": [],
            "logging": [],
            "object_lock_configuration": [],
            "policy": null,
            "region": "ap-south-1",
            "replication_configuration": [],
            "request_payer": "BucketOwner",
            "server_side_encryption_configuration": [],
            "tags": null,
            "tags_all": {},
            "versioning": [
              {
                "enabled": true,
                "mfa_delete": false
              }
            ],
            "website": [],
            "website_domain": null,
            "website_endpoint": null
          },
          "sensitive_attributes": [],
          "private": "bnVsbA=="
        }
      ]
    },
    {
      "module": "module.s3_bucket[2]",
      "mode": "managed",
      "type": "aws_s3_bucket_public_access_block",
      "name": "this",
      "provider": "provider[\"registry.terraform.io/hashicorp/aws\"]",
      "instances": [
        {
          "index_key": 0,
          "schema_version": 0,
          "attributes": {
            "block_public_acls": false,
            "block_public_policy": false,
            "bucket": "my-s3-bucket-terraform-devops-3",
            "id": "my-s3-bucket-terraform-devops-3",
            "ignore_public_acls": false,
            "restrict_public_buckets": false
          },
          "sensitive_attributes": [],
          "private": "bnVsbA==",
          "dependencies": [
            "module.s3_bucket.aws_s3_bucket.this",
            "module.s3_bucket.aws_s3_bucket_policy.this"
          ]
        }
      ]
    }
  ]
}
