{
  "version": 4,
  "terraform_version": "1.0.3",
  "serial": 70,
  "lineage": "cfd78dd2-1768-8758-2d21-3f7c9422d0f4",
  "outputs": {},
  "resources": [
    {
      "module": "module.create_roles",
      "mode": "managed",
      "type": "aws_iam_policy",
      "name": "user1_policy",
      "provider": "provider[\"registry.terraform.io/hashicorp/aws\"]",
      "instances": [
        {
          "schema_version": 0,
          "attributes": {
            "arn": "arn:aws:iam::454569973418:policy/user_1_policy",
            "description": "A test policy",
            "id": "arn:aws:iam::454569973418:policy/user_1_policy",
            "name": "user_1_policy",
            "name_prefix": null,
            "path": "/",
            "policy": "{\r\n  \"Version\": \"2012-10-17\",\r\n  \"Statement\": [\r\n    {\r\n      \"Action\": [\r\n        \"s3:AbortMultipartUpload\",\r\n        \"s3:Get*\",\r\n        \"s3:List*\",\r\n        \"s3:Delete*\",\r\n        \"s3:PutObject\"\r\n      ],\r\n      \"Effect\": \"Allow\",\r\n      \"Resource\": \"*\"\r\n    }\r\n  ]\r\n}\r\n",
            "policy_id": "ANPAWTVT3K2VIGBKMMDHY",
            "tags": null,
            "tags_all": {}
          },
          "sensitive_attributes": [],
          "private": "bnVsbA=="
        }
      ]
    },
    {
      "module": "module.create_roles",
      "mode": "managed",
      "type": "aws_iam_policy",
      "name": "user2_policy",
      "provider": "provider[\"registry.terraform.io/hashicorp/aws\"]",
      "instances": [
        {
          "schema_version": 0,
          "attributes": {
            "arn": "arn:aws:iam::454569973418:policy/user_2_policy",
            "description": "A test policy",
            "id": "arn:aws:iam::454569973418:policy/user_2_policy",
            "name": "user_2_policy",
            "name_prefix": null,
            "path": "/",
            "policy": "{\r\n  \"Version\": \"2012-10-17\",\r\n  \"Statement\": [\r\n    {\r\n      \"Action\": [\r\n        \"s3:Get*\",\r\n        \"s3:List*\"\r\n      ],\r\n      \"Effect\": \"Allow\",\r\n      \"Resource\": \"*\"\r\n    }\r\n  ]\r\n}\r\n",
            "policy_id": "ANPAWTVT3K2VJUPLAB5VK",
            "tags": null,
            "tags_all": {}
          },
          "sensitive_attributes": [],
          "private": "bnVsbA=="
        }
      ]
    },
    {
      "module": "module.create_roles",
      "mode": "managed",
      "type": "aws_iam_user_policy_attachment",
      "name": "s3_bucket_for_iam_attach_user1",
      "provider": "provider[\"registry.terraform.io/hashicorp/aws\"]",
      "instances": [
        {
          "schema_version": 0,
          "attributes": {
            "id": "IAM_user1-20210808132651728200000002",
            "policy_arn": "arn:aws:iam::454569973418:policy/user_1_policy",
            "user": "IAM_user1"
          },
          "sensitive_attributes": [],
          "private": "bnVsbA==",
          "dependencies": [
            "module.create_roles.aws_iam_policy.user1_policy"
          ]
        }
      ]
    },
    {
      "module": "module.create_roles",
      "mode": "managed",
      "type": "aws_iam_user_policy_attachment",
      "name": "s3_bucket_for_iam_attach_user2",
      "provider": "provider[\"registry.terraform.io/hashicorp/aws\"]",
      "instances": [
        {
          "schema_version": 0,
          "attributes": {
            "id": "IAM_user2-20210808132651716400000001",
            "policy_arn": "arn:aws:iam::454569973418:policy/user_2_policy",
            "user": "IAM_user2"
          },
          "sensitive_attributes": [],
          "private": "bnVsbA==",
          "dependencies": [
            "module.create_roles.aws_iam_policy.user2_policy"
          ]
        }
      ]
    },
    {
      "module": "module.create_users",
      "mode": "managed",
      "type": "aws_iam_user",
      "name": "new_user",
      "provider": "provider[\"registry.terraform.io/hashicorp/aws\"]",
      "instances": [
        {
          "index_key": 0,
          "schema_version": 0,
          "attributes": {
            "arn": "arn:aws:iam::454569973418:user/IAM_user1",
            "force_destroy": false,
            "id": "IAM_user1",
            "name": "IAM_user1",
            "path": "/",
            "permissions_boundary": null,
            "tags": null,
            "tags_all": {},
            "unique_id": "AIDAWTVT3K2VFKT57XYJY"
          },
          "sensitive_attributes": [],
          "private": "bnVsbA=="
        },
        {
          "index_key": 1,
          "schema_version": 0,
          "attributes": {
            "arn": "arn:aws:iam::454569973418:user/IAM_user2",
            "force_destroy": false,
            "id": "IAM_user2",
            "name": "IAM_user2",
            "path": "/",
            "permissions_boundary": null,
            "tags": null,
            "tags_all": {},
            "unique_id": "AIDAWTVT3K2VCYQ7O5KEJ"
          },
          "sensitive_attributes": [],
          "private": "bnVsbA=="
        }
      ]
    },
    {
      "module": "module.main_module",
      "mode": "managed",
      "type": "aws_s3_bucket",
      "name": "my_bucks",
      "provider": "provider[\"registry.terraform.io/hashicorp/aws\"]",
      "instances": [
        {
          "index_key": 0,
          "schema_version": 0,
          "attributes": {
            "acceleration_status": "",
            "acl": "private",
            "arn": "arn:aws:s3:::my-s3-bucket-terraform-devops-1",
            "bucket": "my-s3-bucket-terraform-devops-1",
            "bucket_domain_name": "my-s3-bucket-terraform-devops-1.s3.amazonaws.com",
            "bucket_prefix": null,
            "bucket_regional_domain_name": "my-s3-bucket-terraform-devops-1.s3.ap-south-1.amazonaws.com",
            "cors_rule": [],
            "force_destroy": false,
            "grant": [],
            "hosted_zone_id": "Z11RGJOFQNVJUP",
            "id": "my-s3-bucket-terraform-devops-1",
            "lifecycle_rule": [],
            "logging": [],
            "object_lock_configuration": [],
            "policy": null,
            "region": "ap-south-1",
            "replication_configuration": [],
            "request_payer": "BucketOwner",
            "server_side_encryption_configuration": [],
            "tags": null,
            "tags_all": {},
            "versioning": [
              {
                "enabled": false,
                "mfa_delete": false
              }
            ],
            "website": [],
            "website_domain": null,
            "website_endpoint": null
          },
          "sensitive_attributes": [],
          "private": "bnVsbA=="
        },
        {
          "index_key": 1,
          "schema_version": 0,
          "attributes": {
            "acceleration_status": "",
            "acl": "private",
            "arn": "arn:aws:s3:::my-s3-bucket-terraform-devops-2",
            "bucket": "my-s3-bucket-terraform-devops-2",
            "bucket_domain_name": "my-s3-bucket-terraform-devops-2.s3.amazonaws.com",
            "bucket_prefix": null,
            "bucket_regional_domain_name": "my-s3-bucket-terraform-devops-2.s3.ap-south-1.amazonaws.com",
            "cors_rule": [],
            "force_destroy": false,
            "grant": [],
            "hosted_zone_id": "Z11RGJOFQNVJUP",
            "id": "my-s3-bucket-terraform-devops-2",
            "lifecycle_rule": [],
            "logging": [],
            "object_lock_configuration": [],
            "policy": null,
            "region": "ap-south-1",
            "replication_configuration": [],
            "request_payer": "BucketOwner",
            "server_side_encryption_configuration": [],
            "tags": null,
            "tags_all": {},
            "versioning": [
              {
                "enabled": false,
                "mfa_delete": false
              }
            ],
            "website": [],
            "website_domain": null,
            "website_endpoint": null
          },
          "sensitive_attributes": [],
          "private": "bnVsbA=="
        },
        {
          "index_key": 2,
          "schema_version": 0,
          "attributes": {
            "acceleration_status": "",
            "acl": "private",
            "arn": "arn:aws:s3:::my-s3-bucket-terraform-devops-3",
            "bucket": "my-s3-bucket-terraform-devops-3",
            "bucket_domain_name": "my-s3-bucket-terraform-devops-3.s3.amazonaws.com",
            "bucket_prefix": null,
            "bucket_regional_domain_name": "my-s3-bucket-terraform-devops-3.s3.ap-south-1.amazonaws.com",
            "cors_rule": [],
            "force_destroy": false,
            "grant": [],
            "hosted_zone_id": "Z11RGJOFQNVJUP",
            "id": "my-s3-bucket-terraform-devops-3",
            "lifecycle_rule": [],
            "logging": [],
            "object_lock_configuration": [],
            "policy": null,
            "region": "ap-south-1",
            "replication_configuration": [],
            "request_payer": "BucketOwner",
            "server_side_encryption_configuration": [],
            "tags": null,
            "tags_all": {},
            "versioning": [
              {
                "enabled": false,
                "mfa_delete": false
              }
            ],
            "website": [],
            "website_domain": null,
            "website_endpoint": null
          },
          "sensitive_attributes": [],
          "private": "bnVsbA=="
        }
      ]
    }
  ]
}
